{
    "_meta": {
        "hash": {
            "sha256": "4d11f07246e03d86d9b795997610b305ee516214c9e47934aedcea4d94da80c2"
        },
        "pipfile-spec": 6,
        "requires": {
            "python_version": "3.6"
        },
        "sources": [
            {
                "name": "pypi",
                "url": "https://pypi.python.org/simple",
                "verify_ssl": true
            }
        ]
    },
    "default": {
        "dataclasses": {
            "hashes": [
                "sha256:068953b730c80cbb13ca6aac6ceedaa5d483fb6081a372ac4788aa5179ed9597",
                "sha256:0f75133f21f6c9bd0fe82bc75d9908e46f531682911c9cffa75bce0e40ef09ef"
            ],
            "index": "pypi",
            "version": "==0.4"
        }
    },
    "develop": {}
}
